// !$*UTF8*$!
{
	archiveVersion = 1;
	classes = {
	};
	objectVersion = 46;
	objects = {

/* Begin PBXBuildFile section */
		C944A2081DD13F2900F2050F /* AppDelegate.swift in Sources */ = {isa = PBXBuildFile; fileRef = C944A2071DD13F2900F2050F /* AppDelegate.swift */; };
		C944A20A1DD13F2900F2050F /* ViewController.swift in Sources */ = {isa = PBXBuildFile; fileRef = C944A2091DD13F2900F2050F /* ViewController.swift */; };
		C944A20D1DD13F2900F2050F /* Main.storyboard in Resources */ = {isa = PBXBuildFile; fileRef = C944A20B1DD13F2900F2050F /* Main.storyboard */; };
		C944A20F1DD13F2900F2050F /* Assets.xcassets in Resources */ = {isa = PBXBuildFile; fileRef = C944A20E1DD13F2900F2050F /* Assets.xcassets */; };
		C944A2121DD13F2900F2050F /* LaunchScreen.storyboard in Resources */ = {isa = PBXBuildFile; fileRef = C944A2101DD13F2900F2050F /* LaunchScreen.storyboard */; };
		C944A21D1DD13F2A00F2050F /* PitchPerfectTests.swift in Sources */ = {isa = PBXBuildFile; fileRef = C944A21C1DD13F2A00F2050F /* PitchPerfectTests.swift */; };
		C944A2281DD13F2A00F2050F /* PitchPerfectUITests.swift in Sources */ = {isa = PBXBuildFile; fileRef = C944A2271DD13F2A00F2050F /* PitchPerfectUITests.swift */; };
/* End PBXBuildFile section */

/* Begin PBXContainerItemProxy section */
		C944A2191DD13F2A00F2050F /* PBXContainerItemProxy */ = {
			isa = PBXContainerItemProxy;
			containerPortal = C944A1FC1DD13F2900F2050F /* Project object */;
			proxyType = 1;
			remoteGlobalIDString = C944A2031DD13F2900F2050F;
			remoteInfo = PitchPerfect;
		};
		C944A2241DD13F2A00F2050F /* PBXContainerItemProxy */ = {
			isa = PBXContainerItemProxy;
			containerPortal = C944A1FC1DD13F2900F2050F /* Project object */;
			proxyType = 1;
			remoteGlobalIDString = C944A2031DD13F2900F2050F;
			remoteInfo = PitchPerfect;
		};
/* End PBXContainerItemProxy section */

/* Begin PBXFileReference section */
		C944A2041DD13F2900F2050F /* PitchPerfect.app */ = {isa = PBXFileReference; explicitFileType = wrapper.application; includeInIndex = 0; path = PitchPerfect.app; sourceTree = BUILT_PRODUCTS_DIR; };
		C944A2071DD13F2900F2050F /* AppDelegate.swift */ = {isa = PBXFileReference; lastKnownFileType = sourcecode.swift; path = AppDelegate.swift; sourceTree = "<group>"; };
		C944A2091DD13F2900F2050F /* ViewController.swift */ = {isa = PBXFileReference; lastKnownFileType = sourcecode.swift; path = ViewController.swift; sourceTree = "<group>"; };
		C944A20C1DD13F2900F2050F /* Base */ = {isa = PBXFileReference; lastKnownFileType = file.storyboard; name = Base; path = Base.lproj/Main.storyboard; sourceTree = "<group>"; };
		C944A20E1DD13F2900F2050F /* Assets.xcassets */ = {isa = PBXFileReference; lastKnownFileType = folder.assetcatalog; path = Assets.xcassets; sourceTree = "<group>"; };
		C944A2111DD13F2900F2050F /* Base */ = {isa = PBXFileReference; lastKnownFileType = file.storyboard; name = Base; path = Base.lproj/LaunchScreen.storyboard; sourceTree = "<group>"; };
		C944A2131DD13F2900F2050F /* Info.plist */ = {isa = PBXFileReference; lastKnownFileType = text.plist.xml; path = Info.plist; sourceTree = "<group>"; };
		C944A2181DD13F2A00F2050F /* PitchPerfectTests.xctest */ = {isa = PBXFileReference; explicitFileType = wrapper.cfbundle; includeInIndex = 0; path = PitchPerfectTests.xctest; sourceTree = BUILT_PRODUCTS_DIR; };
		C944A21C1DD13F2A00F2050F /* PitchPerfectTests.swift */ = {isa = PBXFileReference; lastKnownFileType = sourcecode.swift; path = PitchPerfectTests.swift; sourceTree = "<group>"; };
		C944A21E1DD13F2A00F2050F /* Info.plist */ = {isa = PBXFileReference; lastKnownFileType = text.plist.xml; path = Info.plist; sourceTree = "<group>"; };
		C944A2231DD13F2A00F2050F /* PitchPerfectUITests.xctest */ = {isa = PBXFileReference; explicitFileType = wrapper.cfbundle; includeInIndex = 0; path = PitchPerfectUITests.xctest; sourceTree = BUILT_PRODUCTS_DIR; };
		C944A2271DD13F2A00F2050F /* PitchPerfectUITests.swift */ = {isa = PBXFileReference; lastKnownFileType = sourcecode.swift; path = PitchPerfectUITests.swift; sourceTree = "<group>"; };
		C944A2291DD13F2A00F2050F /* Info.plist */ = {isa = PBXFileReference; lastKnownFileType = text.plist.xml; path = Info.plist; sourceTree = "<group>"; };
/* End PBXFileReference section */

/* Begin PBXFrameworksBuildPhase section */
		C944A2011DD13F2900F2050F /* Frameworks */ = {
			isa = PBXFrameworksBuildPhase;
			buildActionMask = 2147483647;
			files = (
			);
			runOnlyForDeploymentPostprocessing = 0;
		};
		C944A2151DD13F2A00F2050F /* Frameworks */ = {
			isa = PBXFrameworksBuildPhase;
			buildActionMask = 2147483647;
			files = (
			);
			runOnlyForDeploymentPostprocessing = 0;
		};
		C944A2201DD13F2A00F2050F /* Frameworks */ = {
			isa = PBXFrameworksBuildPhase;
			buildActionMask = 2147483647;
			files = (
			);
			runOnlyForDeploymentPostprocessing = 0;
		};
/* End PBXFrameworksBuildPhase section */

/* Begin PBXGroup section */
		C944A1FB1DD13F2900F2050F = {
			isa = PBXGroup;
			children = (
				C944A2061DD13F2900F2050F /* PitchPerfect */,
				C944A21B1DD13F2A00F2050F /* PitchPerfectTests */,
				C944A2261DD13F2A00F2050F /* PitchPerfectUITests */,
				C944A2051DD13F2900F2050F /* Products */,
			);
			sourceTree = "<group>";
		};
		C944A2051DD13F2900F2050F /* Products */ = {
			isa = PBXGroup;
			children = (
				C944A2041DD13F2900F2050F /* PitchPerfect.app */,
				C944A2181DD13F2A00F2050F /* PitchPerfectTests.xctest */,
				C944A2231DD13F2A00F2050F /* PitchPerfectUITests.xctest */,
			);
			name = Products;
			sourceTree = "<group>";
		};
		C944A2061DD13F2900F2050F /* PitchPerfect */ = {
			isa = PBXGroup;
			children = (
				C944A2071DD13F2900F2050F /* AppDelegate.swift */,
				C944A2091DD13F2900F2050F /* ViewController.swift */,
				C944A20B1DD13F2900F2050F /* Main.storyboard */,
				C944A20E1DD13F2900F2050F /* Assets.xcassets */,
				C944A2101DD13F2900F2050F /* LaunchScreen.storyboard */,
				C944A2131DD13F2900F2050F /* Info.plist */,
			);
			path = PitchPerfect;
			sourceTree = "<group>";
		};
		C944A21B1DD13F2A00F2050F /* PitchPerfectTests */ = {
			isa = PBXGroup;
			children = (
				C944A21C1DD13F2A00F2050F /* PitchPerfectTests.swift */,
				C944A21E1DD13F2A00F2050F /* Info.plist */,
			);
			path = PitchPerfectTests;
			sourceTree = "<group>";
		};
		C944A2261DD13F2A00F2050F /* PitchPerfectUITests */ = {
			isa = PBXGroup;
			children = (
				C944A2271DD13F2A00F2050F /* PitchPerfectUITests.swift */,
				C944A2291DD13F2A00F2050F /* Info.plist */,
			);
			path = PitchPerfectUITests;
			sourceTree = "<group>";
		};
/* End PBXGroup section */

/* Begin PBXNativeTarget section */
		C944A2031DD13F2900F2050F /* PitchPerfect */ = {
			isa = PBXNativeTarget;
			buildConfigurationList = C944A22C1DD13F2A00F2050F /* Build configuration list for PBXNativeTarget "PitchPerfect" */;
			buildPhases = (
				C944A2001DD13F2900F2050F /* Sources */,
				C944A2011DD13F2900F2050F /* Frameworks */,
				C944A2021DD13F2900F2050F /* Resources */,
			);
			buildRules = (
			);
			dependencies = (
			);
			name = PitchPerfect;
			productName = PitchPerfect;
			productReference = C944A2041DD13F2900F2050F /* PitchPerfect.app */;
			productType = "com.apple.product-type.application";
		};
		C944A2171DD13F2A00F2050F /* PitchPerfectTests */ = {
			isa = PBXNativeTarget;
			buildConfigurationList = C944A22F1DD13F2A00F2050F /* Build configuration list for PBXNativeTarget "PitchPerfectTests" */;
			buildPhases = (
				C944A2141DD13F2A00F2050F /* Sources */,
				C944A2151DD13F2A00F2050F /* Frameworks */,
				C944A2161DD13F2A00F2050F /* Resources */,
			);
			buildRules = (
			);
			dependencies = (
				C944A21A1DD13F2A00F2050F /* PBXTargetDependency */,
			);
			name = PitchPerfectTests;
			productName = PitchPerfectTests;
			productReference = C944A2181DD13F2A00F2050F /* PitchPerfectTests.xctest */;
			productType = "com.apple.product-type.bundle.unit-test";
		};
		C944A2221DD13F2A00F2050F /* PitchPerfectUITests */ = {
			isa = PBXNativeTarget;
			buildConfigurationList = C944A2321DD13F2A00F2050F /* Build configuration list for PBXNativeTarget "PitchPerfectUITests" */;
			buildPhases = (
				C944A21F1DD13F2A00F2050F /* Sources */,
				C944A2201DD13F2A00F2050F /* Frameworks */,
				C944A2211DD13F2A00F2050F /* Resources */,
			);
			buildRules = (
			);
			dependencies = (
				C944A2251DD13F2A00F2050F /* PBXTargetDependency */,
			);
			name = PitchPerfectUITests;
			productName = PitchPerfectUITests;
			productReference = C944A2231DD13F2A00F2050F /* PitchPerfectUITests.xctest */;
			productType = "com.apple.product-type.bundle.ui-testing";
		};
/* End PBXNativeTarget section */

/* Begin PBXProject section */
		C944A1FC1DD13F2900F2050F /* Project object */ = {
			isa = PBXProject;
			attributes = {
				LastSwiftUpdateCheck = 0800;
				LastUpgradeCheck = 0800;
				ORGANIZATIONNAME = LeanSixLabs;
				TargetAttributes = {
					C944A2031DD13F2900F2050F = {
						CreatedOnToolsVersion = 8.0;
						DevelopmentTeam = 2796MDT856;
						ProvisioningStyle = Automatic;
					};
					C944A2171DD13F2A00F2050F = {
						CreatedOnToolsVersion = 8.0;
						DevelopmentTeam = 2796MDT856;
						ProvisioningStyle = Automatic;
						TestTargetID = C944A2031DD13F2900F2050F;
					};
					C944A2221DD13F2A00F2050F = {
						CreatedOnToolsVersion = 8.0;
						DevelopmentTeam = 2796MDT856;
						ProvisioningStyle = Automatic;
						TestTargetID = C944A2031DD13F2900F2050F;
					};
				};
			};
			buildConfigurationList = C944A1FF1DD13F2900F2050F /* Build configuration list for PBXProject "PitchPerfect" */;
			compatibilityVersion = "Xcode 3.2";
			developmentRegion = English;
			hasScannedForEncodings = 0;
			knownRegions = (
				en,
				Base,
			);
			mainGroup = C944A1FB1DD13F2900F2050F;
			productRefGroup = C944A2051DD13F2900F2050F /* Products */;
			projectDirPath = "";
			projectRoot = "";
			targets = (
				C944A2031DD13F2900F2050F /* PitchPerfect */,
				C944A2171DD13F2A00F2050F /* PitchPerfectTests */,
				C944A2221DD13F2A00F2050F /* PitchPerfectUITests */,
			);
		};
/* End PBXProject section */

/* Begin PBXResourcesBuildPhase section */
		C944A2021DD13F2900F2050F /* Resources */ = {
			isa = PBXResourcesBuildPhase;
			buildActionMask = 2147483647;
			files = (
				C944A2121DD13F2900F2050F /* LaunchScreen.storyboard in Resources */,
				C944A20F1DD13F2900F2050F /* Assets.xcassets in Resources */,
				C944A20D1DD13F2900F2050F /* Main.storyboard in Resources */,
			);
			runOnlyForDeploymentPostprocessing = 0;
		};
		C944A2161DD13F2A00F2050F /* Resources */ = {
			isa = PBXResourcesBuildPhase;
			buildActionMask = 2147483647;
			files = (
			);
			runOnlyForDeploymentPostprocessing = 0;
		};
		C944A2211DD13F2A00F2050F /* Resources */ = {
			isa = PBXResourcesBuildPhase;
			buildActionMask = 2147483647;
			files = (
			);
			runOnlyForDeploymentPostprocessing = 0;
		};
/* End PBXResourcesBuildPhase section */

/* Begin PBXSourcesBuildPhase section */
		C944A2001DD13F2900F2050F /* Sources */ = {
			isa = PBXSourcesBuildPhase;
			buildActionMask = 2147483647;
			files = (
				C944A20A1DD13F2900F2050F /* ViewController.swift in Sources */,
				C944A2081DD13F2900F2050F /* AppDelegate.swift in Sources */,
			);
			runOnlyForDeploymentPostprocessing = 0;
		};
		C944A2141DD13F2A00F2050F /* Sources */ = {
			isa = PBXSourcesBuildPhase;
			buildActionMask = 2147483647;
			files = (
				C944A21D1DD13F2A00F2050F /* PitchPerfectTests.swift in Sources */,
			);
			runOnlyForDeploymentPostprocessing = 0;
		};
		C944A21F1DD13F2A00F2050F /* Sources */ = {
			isa = PBXSourcesBuildPhase;
			buildActionMask = 2147483647;
			files = (
				C944A2281DD13F2A00F2050F /* PitchPerfectUITests.swift in Sources */,
			);
			runOnlyForDeploymentPostprocessing = 0;
		};
/* End PBXSourcesBuildPhase section */

/* Begin PBXTargetDependency section */
		C944A21A1DD13F2A00F2050F /* PBXTargetDependency */ = {
			isa = PBXTargetDependency;
			target = C944A2031DD13F2900F2050F /* PitchPerfect */;
			targetProxy = C944A2191DD13F2A00F2050F /* PBXContainerItemProxy */;
		};
		C944A2251DD13F2A00F2050F /* PBXTargetDependency */ = {
			isa = PBXTargetDependency;
			target = C944A2031DD13F2900F2050F /* PitchPerfect */;
			targetProxy = C944A2241DD13F2A00F2050F /* PBXContainerItemProxy */;
		};
/* End PBXTargetDependency section */

/* Begin PBXVariantGroup section */
		C944A20B1DD13F2900F2050F /* Main.storyboard */ = {
			isa = PBXVariantGroup;
			children = (
				C944A20C1DD13F2900F2050F /* Base */,
			);
			name = Main.storyboard;
			sourceTree = "<group>";
		};
		C944A2101DD13F2900F2050F /* LaunchScreen.storyboard */ = {
			isa = PBXVariantGroup;
			children = (
				C944A2111DD13F2900F2050F /* Base */,
			);
			name = LaunchScreen.storyboard;
			sourceTree = "<group>";
		};
/* End PBXVariantGroup section */

/* Begin XCBuildConfiguration section */
		C944A22A1DD13F2A00F2050F /* Debug */ = {
			isa = XCBuildConfiguration;
			buildSettings = {
				ALWAYS_SEARCH_USER_PATHS = NO;
				CLANG_ANALYZER_NONNULL = YES;
				CLANG_CXX_LANGUAGE_STANDARD = "gnu++0x";
				CLANG_CXX_LIBRARY = "libc++";
				CLANG_ENABLE_MODULES = YES;
				CLANG_ENABLE_OBJC_ARC = YES;
				CLANG_WARN_BOOL_CONVERSION = YES;
				CLANG_WARN_CONSTANT_CONVERSION = YES;
				CLANG_WARN_DIRECT_OBJC_ISA_USAGE = YES_ERROR;
				CLANG_WARN_DOCUMENTATION_COMMENTS = YES;
				CLANG_WARN_EMPTY_BODY = YES;
				CLANG_WARN_ENUM_CONVERSION = YES;
				CLANG_WARN_INFINITE_RECURSION = YES;
				CLANG_WARN_INT_CONVERSION = YES;
				CLANG_WARN_OBJC_ROOT_CLASS = YES_ERROR;
				CLANG_WARN_SUSPICIOUS_MOVES = YES;
				CLANG_WARN_UNREACHABLE_CODE = YES;
				CLANG_WARN__DUPLICATE_METHOD_MATCH = YES;
				"CODE_SIGN_IDENTITY[sdk=iphoneos*]" = "iPhone Developer";
				COPY_PHASE_STRIP = NO;
				DEBUG_INFORMATION_FORMAT = dwarf;
				ENABLE_STRICT_OBJC_MSGSEND = YES;
				ENABLE_TESTABILITY = YES;
				GCC_C_LANGUAGE_STANDARD = gnu99;
				GCC_DYNAMIC_NO_PIC = NO;
				GCC_NO_COMMON_BLOCKS = YES;
				GCC_OPTIMIZATION_LEVEL = 0;
				GCC_PREPROCESSOR_DEFINITIONS = (
					"DEBUG=1",
					"$(inherited)",
				);
				GCC_WARN_64_TO_32_BIT_CONVERSION = YES;
				GCC_WARN_ABOUT_RETURN_TYPE = YES_ERROR;
				GCC_WARN_UNDECLARED_SELECTOR = YES;
				GCC_WARN_UNINITIALIZED_AUTOS = YES_AGGRESSIVE;
				GCC_WARN_UNUSED_FUNCTION = YES;
				GCC_WARN_UNUSED_VARIABLE = YES;
				IPHONEOS_DEPLOYMENT_TARGET = 10.0;
				MTL_ENABLE_DEBUG_INFO = YES;
				ONLY_ACTIVE_ARCH = YES;
				SDKROOT = iphoneos;
				SWIFT_ACTIVE_COMPILATION_CONDITIONS = DEBUG;
				SWIFT_OPTIMIZATION_LEVEL = "-Onone";
				TARGETED_DEVICE_FAMILY = "1,2";
			};
			name = Debug;
		};
		C944A22B1DD13F2A00F2050F /* Release */ = {
			isa = XCBuildConfiguration;
			buildSettings = {
				ALWAYS_SEARCH_USER_PATHS = NO;
				CLANG_ANALYZER_NONNULL = YES;
				CLANG_CXX_LANGUAGE_STANDARD = "gnu++0x";
				CLANG_CXX_LIBRARY = "libc++";
				CLANG_ENABLE_MODULES = YES;
				CLANG_ENABLE_OBJC_ARC = YES;
				CLANG_WARN_BOOL_CONVERSION = YES;
				CLANG_WARN_CONSTANT_CONVERSION = YES;
				CLANG_WARN_DIRECT_OBJC_ISA_USAGE = YES_ERROR;
				CLANG_WARN_DOCUMENTATION_COMMENTS = YES;
				CLANG_WARN_EMPTY_BODY = YES;
				CLANG_WARN_ENUM_CONVERSION = YES;
				CLANG_WARN_INFINITE_RECURSION = YES;
				CLANG_WARN_INT_CONVERSION = YES;
				CLANG_WARN_OBJC_ROOT_CLASS = YES_ERROR;
				CLANG_WARN_SUSPICIOUS_MOVES = YES;
				CLANG_WARN_UNREACHABLE_CODE = YES;
				CLANG_WARN__DUPLICATE_METHOD_MATCH = YES;
				"CODE_SIGN_IDENTITY[sdk=iphoneos*]" = "iPhone Developer";
				COPY_PHASE_STRIP = NO;
				DEBUG_INFORMATION_FORMAT = "dwarf-with-dsym";
				ENABLE_NS_ASSERTIONS = NO;
				ENABLE_STRICT_OBJC_MSGSEND = YES;
				GCC_C_LANGUAGE_STANDARD = gnu99;
				GCC_NO_COMMON_BLOCKS = YES;
				GCC_WARN_64_TO_32_BIT_CONVERSION = YES;
				GCC_WARN_ABOUT_RETURN_TYPE = YES_ERROR;
				GCC_WARN_UNDECLARED_SELECTOR = YES;
				GCC_WARN_UNINITIALIZED_AUTOS = YES_AGGRESSIVE;
				GCC_WARN_UNUSED_FUNCTION = YES;
				GCC_WARN_UNUSED_VARIABLE = YES;
				IPHONEOS_DEPLOYMENT_TARGET = 10.0;
				MTL_ENABLE_DEBUG_INFO = NO;
				SDKROOT = iphoneos;
				SWIFT_OPTIMIZATION_LEVEL = "-Owholemodule";
				TARGETED_DEVICE_FAMILY = "1,2";
				VALIDATE_PRODUCT = YES;
			};
			name = Release;
		};
		C944A22D1DD13F2A00F2050F /* Debug */ = {
			isa = XCBuildConfiguration;
			buildSettings = {
				ASSETCATALOG_COMPILER_APPICON_NAME = AppIcon;
				DEVELOPMENT_TEAM = 2796MDT856;
				INFOPLIST_FILE = PitchPerfect/Info.plist;
				LD_RUNPATH_SEARCH_PATHS = "$(inherited) @executable_path/Frameworks";
				PRODUCT_BUNDLE_IDENTIFIER = com.leanSixLabs.PitchPerfect;
				PRODUCT_NAME = "$(TARGET_NAME)";
				SWIFT_VERSION = 3.0;
			};
			name = Debug;
		};
		C944A22E1DD13F2A00F2050F /* Release */ = {
			isa = XCBuildConfiguration;
			buildSettings = {
				ASSETCATALOG_COMPILER_APPICON_NAME = AppIcon;
				DEVELOPMENT_TEAM = 2796MDT856;
				INFOPLIST_FILE = PitchPerfect/Info.plist;
				LD_RUNPATH_SEARCH_PATHS = "$(inherited) @executable_path/Frameworks";
				PRODUCT_BUNDLE_IDENTIFIER = com.leanSixLabs.PitchPerfect;
				PRODUCT_NAME = "$(TARGET_NAME)";
				SWIFT_VERSION = 3.0;
			};
			name = Release;
		};
		C944A2301DD13F2A00F2050F /* Debug */ = {
			isa = XCBuildConfiguration;
			buildSettings = {
				ALWAYS_EMBED_SWIFT_STANDARD_LIBRARIES = YES;
				BUNDLE_LOADER = "$(TEST_HOST)";
				DEVELOPMENT_TEAM = 2796MDT856;
				INFOPLIST_FILE = PitchPerfectTests/Info.plist;
				LD_RUNPATH_SEARCH_PATHS = "$(inherited) @executable_path/Frameworks @loader_path/Frameworks";
				PRODUCT_BUNDLE_IDENTIFIER = com.leanSixLabs.PitchPerfectTests;
				PRODUCT_NAME = "$(TARGET_NAME)";
				SWIFT_VERSION = 3.0;
				TEST_HOST = "$(BUILT_PRODUCTS_DIR)/PitchPerfect.app/PitchPerfect";
			};
			name = Debug;
		};
		C944A2311DD13F2A00F2050F /* Release */ = {
			isa = XCBuildConfiguration;
			buildSettings = {
				ALWAYS_EMBED_SWIFT_STANDARD_LIBRARIES = YES;
				BUNDLE_LOADER = "$(TEST_HOST)";
				DEVELOPMENT_TEAM = 2796MDT856;
				INFOPLIST_FILE = PitchPerfectTests/Info.plist;
				LD_RUNPATH_SEARCH_PATHS = "$(inherited) @executable_path/Frameworks @loader_path/Frameworks";
				PRODUCT_BUNDLE_IDENTIFIER = com.leanSixLabs.PitchPerfectTests;
				PRODUCT_NAME = "$(TARGET_NAME)";
				SWIFT_VERSION = 3.0;
				TEST_HOST = "$(BUILT_PRODUCTS_DIR)/PitchPerfect.app/PitchPerfect";
			};
			name = Release;
		};
		C944A2331DD13F2A00F2050F /* Debug */ = {
			isa = XCBuildConfiguration;
			buildSettings = {
				ALWAYS_EMBED_SWIFT_STANDARD_LIBRARIES = YES;
				DEVELOPMENT_TEAM = 2796MDT856;
				INFOPLIST_FILE = PitchPerfectUITests/Info.plist;
				LD_RUNPATH_SEARCH_PATHS = "$(inherited) @executable_path/Frameworks @loader_path/Frameworks";
				PRODUCT_BUNDLE_IDENTIFIER = com.leanSixLabs.PitchPerfectUITests;
				PRODUCT_NAME = "$(TARGET_NAME)";
				SWIFT_VERSION = 3.0;
				TEST_TARGET_NAME = PitchPerfect;
			};
			name = Debug;
		};
		C944A2341DD13F2A00F2050F /* Release */ = {
			isa = XCBuildConfiguration;
			buildSettings = {
				ALWAYS_EMBED_SWIFT_STANDARD_LIBRARIES = YES;
				DEVELOPMENT_TEAM = 2796MDT856;
				INFOPLIST_FILE = PitchPerfectUITests/Info.plist;
				LD_RUNPATH_SEARCH_PATHS = "$(inherited) @executable_path/Frameworks @loader_path/Frameworks";
				PRODUCT_BUNDLE_IDENTIFIER = com.leanSixLabs.PitchPerfectUITests;
				PRODUCT_NAME = "$(TARGET_NAME)";
				SWIFT_VERSION = 3.0;
				TEST_TARGET_NAME = PitchPerfect;
			};
			name = Release;
		};
/* End XCBuildConfiguration section */

/* Begin XCConfigurationList section */
		C944A1FF1DD13F2900F2050F /* Build configuration list for PBXProject "PitchPerfect" */ = {
			isa = XCConfigurationList;
			buildConfigurations = (
				C944A22A1DD13F2A00F2050F /* Debug */,
				C944A22B1DD13F2A00F2050F /* Release */,
			);
			defaultConfigurationIsVisible = 0;
			defaultConfigurationName = Release;
		};
		C944A22C1DD13F2A00F2050F /* Build configuration list for PBXNativeTarget "PitchPerfect" */ = {
			isa = XCConfigurationList;
			buildConfigurations = (
				C944A22D1DD13F2A00F2050F /* Debug */,
				C944A22E1DD13F2A00F2050F /* Release */,
			);
			defaultConfigurationIsVisible = 0;
		};
		C944A22F1DD13F2A00F2050F /* Build configuration list for PBXNativeTarget "PitchPerfectTests" */ = {
			isa = XCConfigurationList;
			buildConfigurations = (
				C944A2301DD13F2A00F2050F /* Debug */,
				C944A2311DD13F2A00F2050F /* Release */,
			);
			defaultConfigurationIsVisible = 0;
		};
		C944A2321DD13F2A00F2050F /* Build configuration list for PBXNativeTarget "PitchPerfectUITests" */ = {
			isa = XCConfigurationList;
			buildConfigurations = (
				C944A2331DD13F2A00F2050F /* Debug */,
				C944A2341DD13F2A00F2050F /* Release */,
			);
			defaultConfigurationIsVisible = 0;
		};
/* End XCConfigurationList section */
	};
	rootObject = C944A1FC1DD13F2900F2050F /* Project object */;
}
